
Microsoft Visual Studio Solution File, Format Version 12.00
# Visual Studio Version 17
VisualStudioVersion = 17.6.33815.320
MinimumVisualStudioVersion = 10.0.40219.1
Project("{FAE04EC0-301F-11D3-BF4B-00C04F79EFBC}") = "UNFORGOTTEN.Server", "UNFORGOTTEN\Server\UNFORGOTTEN.Server.csproj", "{C08668C1-3453-4FA7-8875-EFF036F93AA3}"
EndProject
Project("{FAE04EC0-301F-11D3-BF4B-00C04F79EFBC}") = "UNFORGOTTEN.Client", "UNFORGOTTEN\Client\UNFORGOTTEN.Client.csproj", "{4BDD32D7-0294-4D54-924F-1BB5A23D7EF1}"
EndProject
Project("{FAE04EC0-301F-11D3-BF4B-00C04F79EFBC}") = "UNFORGOTTEN.Shared", "UNFORGOTTEN\Shared\UNFORGOTTEN.Shared.csproj", "{1158F64B-7ED4-43B1-8A17-2ADE0138C401}"
EndProject
Global
	GlobalSection(SolutionConfigurationPlatforms) = preSolution
		Debug|Any CPU = Debug|Any CPU
		Release|Any CPU = Release|Any CPU
	EndGlobalSection
	GlobalSection(ProjectConfigurationPlatforms) = postSolution
		{C08668C1-3453-4FA7-8875-EFF036F93AA3}.Debug|Any CPU.ActiveCfg = Debug|Any CPU
		{C08668C1-3453-4FA7-8875-EFF036F93AA3}.Debug|Any CPU.Build.0 = Debug|Any CPU
		{C08668C1-3453-4FA7-8875-EFF036F93AA3}.Release|Any CPU.ActiveCfg = Release|Any CPU
		{C08668C1-3453-4FA7-8875-EFF036F93AA3}.Release|Any CPU.Build.0 = Release|Any CPU
		{4BDD32D7-0294-4D54-924F-1BB5A23D7EF1}.Debug|Any CPU.ActiveCfg = Debug|Any CPU
		{4BDD32D7-0294-4D54-924F-1BB5A23D7EF1}.Debug|Any CPU.Build.0 = Debug|Any CPU
		{4BDD32D7-0294-4D54-924F-1BB5A23D7EF1}.Release|Any CPU.ActiveCfg = Release|Any CPU
		{4BDD32D7-0294-4D54-924F-1BB5A23D7EF1}.Release|Any CPU.Build.0 = Release|Any CPU
		{1158F64B-7ED4-43B1-8A17-2ADE0138C401}.Debug|Any CPU.ActiveCfg = Debug|Any CPU
		{1158F64B-7ED4-43B1-8A17-2ADE0138C401}.Debug|Any CPU.Build.0 = Debug|Any CPU
		{1158F64B-7ED4-43B1-8A17-2ADE0138C401}.Release|Any CPU.ActiveCfg = Release|Any CPU
		{1158F64B-7ED4-43B1-8A17-2ADE0138C401}.Release|Any CPU.Build.0 = Release|Any CPU
	EndGlobalSection
	GlobalSection(SolutionProperties) = preSolution
		HideSolutionNode = FALSE
	EndGlobalSection
	GlobalSection(ExtensibilityGlobals) = postSolution
		SolutionGuid = {10166B1F-6245-4E1E-8A18-88EDAA9FC3C0}
	EndGlobalSection
EndGlobal
